
Microsoft Visual Studio Solution File, Format Version 12.00
# Visual Studio Version 16
VisualStudioVersion = 16.0.30907.101
MinimumVisualStudioVersion = 10.0.40219.1
Project("{FAE04EC0-301F-11D3-BF4B-00C04F79EFBC}") = "Twitch-Integration", "Twitch-Integration\Twitch-Integration.csproj", "{8D5F7AC0-916D-4462-B9DD-946EEC18884D}"
EndProject
Global
	GlobalSection(SolutionConfigurationPlatforms) = preSolution
		Debug|Any CPU = Debug|Any CPU
		Release|Any CPU = Release|Any CPU
	EndGlobalSection
	GlobalSection(ProjectConfigurationPlatforms) = postSolution
		{8D5F7AC0-916D-4462-B9DD-946EEC18884D}.Debug|Any CPU.ActiveCfg = Debug|Any CPU
		{8D5F7AC0-916D-4462-B9DD-946EEC18884D}.Debug|Any CPU.Build.0 = Debug|Any CPU
		{8D5F7AC0-916D-4462-B9DD-946EEC18884D}.Release|Any CPU.ActiveCfg = Release|Any CPU
		{8D5F7AC0-916D-4462-B9DD-946EEC18884D}.Release|Any CPU.Build.0 = Release|Any CPU
	EndGlobalSection
	GlobalSection(SolutionProperties) = preSolution
		HideSolutionNode = FALSE
	EndGlobalSection
	GlobalSection(ExtensibilityGlobals) = postSolution
		SolutionGuid = {2032F6FF-C251-4AB9-A374-43C1C3F3B884}
	EndGlobalSection
EndGlobal
